
Microsoft Visual Studio Solution File, Format Version 12.00
# Visual Studio Version 17
VisualStudioVersion = 17.3.32929.385
MinimumVisualStudioVersion = 10.0.40219.1
Project("{FAE04EC0-301F-11D3-BF4B-00C04F79EFBC}") = "MainDate", "MainDate.csproj", "{61BD075F-85EB-4250-916F-9E22E3147E09}"
EndProject
Project("{FAE04EC0-301F-11D3-BF4B-00C04F79EFBC}") = "MainDateTests", "..\MainDateTests\MainDateTests.csproj", "{7A795BAD-9FE1-446B-BD11-FE79784552F4}"
EndProject
Global
	GlobalSection(SolutionConfigurationPlatforms) = preSolution
		Debug|Any CPU = Debug|Any CPU
		Release|Any CPU = Release|Any CPU
	EndGlobalSection
	GlobalSection(ProjectConfigurationPlatforms) = postSolution
		{61BD075F-85EB-4250-916F-9E22E3147E09}.Debug|Any CPU.ActiveCfg = Debug|Any CPU
		{61BD075F-85EB-4250-916F-9E22E3147E09}.Debug|Any CPU.Build.0 = Debug|Any CPU
		{61BD075F-85EB-4250-916F-9E22E3147E09}.Release|Any CPU.ActiveCfg = Release|Any CPU
		{61BD075F-85EB-4250-916F-9E22E3147E09}.Release|Any CPU.Build.0 = Release|Any CPU
		{7A795BAD-9FE1-446B-BD11-FE79784552F4}.Debug|Any CPU.ActiveCfg = Debug|Any CPU
		{7A795BAD-9FE1-446B-BD11-FE79784552F4}.Debug|Any CPU.Build.0 = Debug|Any CPU
		{7A795BAD-9FE1-446B-BD11-FE79784552F4}.Release|Any CPU.ActiveCfg = Release|Any CPU
		{7A795BAD-9FE1-446B-BD11-FE79784552F4}.Release|Any CPU.Build.0 = Release|Any CPU
	EndGlobalSection
	GlobalSection(SolutionProperties) = preSolution
		HideSolutionNode = FALSE
	EndGlobalSection
	GlobalSection(ExtensibilityGlobals) = postSolution
		SolutionGuid = {9993FD4D-88F6-48B0-AD10-50D8AF7C5DE1}
	EndGlobalSection
EndGlobal
